
Microsoft Visual Studio Solution File, Format Version 12.00
# Visual Studio Version 17
VisualStudioVersion = 17.9.34607.119
MinimumVisualStudioVersion = 10.0.40219.1
Project("{9A19103F-16F7-4668-BE54-9A1E7A4F7556}") = "WorkflowManager.App", "PMan.App\WorkflowManager.App.csproj", "{8AA1ACBC-351B-4BA2-8B3B-8FB245EC5C20}"
EndProject
Project("{9A19103F-16F7-4668-BE54-9A1E7A4F7556}") = "WorkflowManager.ApplicationCore", "WorkflowManager.ApplicationCore\WorkflowManager.ApplicationCore.csproj", "{8CFC2021-6844-4AB6-B0BD-62CD46025037}"
EndProject
Project("{9A19103F-16F7-4668-BE54-9A1E7A4F7556}") = "WorkflowManager.Api", "WorkflowManager.Api\WorkflowManager.Api.csproj", "{7B17A735-1FFE-464A-AF94-C25A3DA88B4A}"
EndProject
Project("{FAE04EC0-301F-11D3-BF4B-00C04F79EFBC}") = "WorkflowManager.ApplicationCore.Tests", "WorkflowManager.ApplicationCore.Tests\WorkflowManager.ApplicationCore.Tests.csproj", "{987A3FF4-DF08-4113-AABA-32CD548AD348}"
EndProject
Global
	GlobalSection(SolutionConfigurationPlatforms) = preSolution
		Debug|Any CPU = Debug|Any CPU
		Release|Any CPU = Release|Any CPU
	EndGlobalSection
	GlobalSection(ProjectConfigurationPlatforms) = postSolution
		{8AA1ACBC-351B-4BA2-8B3B-8FB245EC5C20}.Debug|Any CPU.ActiveCfg = Debug|Any CPU
		{8AA1ACBC-351B-4BA2-8B3B-8FB245EC5C20}.Debug|Any CPU.Build.0 = Debug|Any CPU
		{8AA1ACBC-351B-4BA2-8B3B-8FB245EC5C20}.Release|Any CPU.ActiveCfg = Release|Any CPU
		{8AA1ACBC-351B-4BA2-8B3B-8FB245EC5C20}.Release|Any CPU.Build.0 = Release|Any CPU
		{8CFC2021-6844-4AB6-B0BD-62CD46025037}.Debug|Any CPU.ActiveCfg = Debug|Any CPU
		{8CFC2021-6844-4AB6-B0BD-62CD46025037}.Debug|Any CPU.Build.0 = Debug|Any CPU
		{8CFC2021-6844-4AB6-B0BD-62CD46025037}.Release|Any CPU.ActiveCfg = Release|Any CPU
		{8CFC2021-6844-4AB6-B0BD-62CD46025037}.Release|Any CPU.Build.0 = Release|Any CPU
		{7B17A735-1FFE-464A-AF94-C25A3DA88B4A}.Debug|Any CPU.ActiveCfg = Debug|Any CPU
		{7B17A735-1FFE-464A-AF94-C25A3DA88B4A}.Debug|Any CPU.Build.0 = Debug|Any CPU
		{7B17A735-1FFE-464A-AF94-C25A3DA88B4A}.Release|Any CPU.ActiveCfg = Release|Any CPU
		{7B17A735-1FFE-464A-AF94-C25A3DA88B4A}.Release|Any CPU.Build.0 = Release|Any CPU
		{987A3FF4-DF08-4113-AABA-32CD548AD348}.Debug|Any CPU.ActiveCfg = Debug|Any CPU
		{987A3FF4-DF08-4113-AABA-32CD548AD348}.Debug|Any CPU.Build.0 = Debug|Any CPU
		{987A3FF4-DF08-4113-AABA-32CD548AD348}.Release|Any CPU.ActiveCfg = Release|Any CPU
		{987A3FF4-DF08-4113-AABA-32CD548AD348}.Release|Any CPU.Build.0 = Release|Any CPU
	EndGlobalSection
	GlobalSection(SolutionProperties) = preSolution
		HideSolutionNode = FALSE
	EndGlobalSection
	GlobalSection(ExtensibilityGlobals) = postSolution
		SolutionGuid = {CEAD327C-D459-4F35-925C-3C728FF719F8}
	EndGlobalSection
EndGlobal
